
Microsoft Visual Studio Solution File, Format Version 12.00
# Visual Studio Version 17
VisualStudioVersion = 17.14.36518.9
MinimumVisualStudioVersion = 10.0.40219.1
Project("{FAE04EC0-301F-11D3-BF4B-00C04F79EFBC}") = "Suportek", "Suportek\Suportek.csproj", "{F7DCF946-5E31-4A83-8DB1-29CE0885C1C9}"
EndProject
Project("{FAE04EC0-301F-11D3-BF4B-00C04F79EFBC}") = "AutoPecasChat.Web", "AutoPecasChat.Web\AutoPecasChat.Web.csproj", "{89069A94-E3ED-4A7B-A7C1-BEC20C71297C}"
EndProject
Global
	GlobalSection(SolutionConfigurationPlatforms) = preSolution
		Debug|Any CPU = Debug|Any CPU
		Debug|x64 = Debug|x64
		Debug|x86 = Debug|x86
		Release|Any CPU = Release|Any CPU
		Release|x64 = Release|x64
		Release|x86 = Release|x86
	EndGlobalSection
	GlobalSection(ProjectConfigurationPlatforms) = postSolution
		{F7DCF946-5E31-4A83-8DB1-29CE0885C1C9}.Debug|Any CPU.ActiveCfg = Debug|Any CPU
		{F7DCF946-5E31-4A83-8DB1-29CE0885C1C9}.Debug|Any CPU.Build.0 = Debug|Any CPU
		{F7DCF946-5E31-4A83-8DB1-29CE0885C1C9}.Debug|Any CPU.Deploy.0 = Debug|Any CPU
		{F7DCF946-5E31-4A83-8DB1-29CE0885C1C9}.Debug|x64.ActiveCfg = Debug|Any CPU
		{F7DCF946-5E31-4A83-8DB1-29CE0885C1C9}.Debug|x64.Build.0 = Debug|Any CPU
		{F7DCF946-5E31-4A83-8DB1-29CE0885C1C9}.Debug|x86.ActiveCfg = Debug|Any CPU
		{F7DCF946-5E31-4A83-8DB1-29CE0885C1C9}.Debug|x86.Build.0 = Debug|Any CPU
		{F7DCF946-5E31-4A83-8DB1-29CE0885C1C9}.Release|Any CPU.ActiveCfg = Release|Any CPU
		{F7DCF946-5E31-4A83-8DB1-29CE0885C1C9}.Release|Any CPU.Build.0 = Release|Any CPU
		{F7DCF946-5E31-4A83-8DB1-29CE0885C1C9}.Release|Any CPU.Deploy.0 = Release|Any CPU
		{F7DCF946-5E31-4A83-8DB1-29CE0885C1C9}.Release|x64.ActiveCfg = Release|Any CPU
		{F7DCF946-5E31-4A83-8DB1-29CE0885C1C9}.Release|x64.Build.0 = Release|Any CPU
		{F7DCF946-5E31-4A83-8DB1-29CE0885C1C9}.Release|x86.ActiveCfg = Release|Any CPU
		{F7DCF946-5E31-4A83-8DB1-29CE0885C1C9}.Release|x86.Build.0 = Release|Any CPU
		{89069A94-E3ED-4A7B-A7C1-BEC20C71297C}.Debug|Any CPU.ActiveCfg = Debug|Any CPU
		{89069A94-E3ED-4A7B-A7C1-BEC20C71297C}.Debug|Any CPU.Build.0 = Debug|Any CPU
		{89069A94-E3ED-4A7B-A7C1-BEC20C71297C}.Debug|x64.ActiveCfg = Debug|Any CPU
		{89069A94-E3ED-4A7B-A7C1-BEC20C71297C}.Debug|x64.Build.0 = Debug|Any CPU
		{89069A94-E3ED-4A7B-A7C1-BEC20C71297C}.Debug|x86.ActiveCfg = Debug|Any CPU
		{89069A94-E3ED-4A7B-A7C1-BEC20C71297C}.Debug|x86.Build.0 = Debug|Any CPU
		{89069A94-E3ED-4A7B-A7C1-BEC20C71297C}.Release|Any CPU.ActiveCfg = Release|Any CPU
		{89069A94-E3ED-4A7B-A7C1-BEC20C71297C}.Release|Any CPU.Build.0 = Release|Any CPU
		{89069A94-E3ED-4A7B-A7C1-BEC20C71297C}.Release|x64.ActiveCfg = Release|Any CPU
		{89069A94-E3ED-4A7B-A7C1-BEC20C71297C}.Release|x64.Build.0 = Release|Any CPU
		{89069A94-E3ED-4A7B-A7C1-BEC20C71297C}.Release|x86.ActiveCfg = Release|Any CPU
		{89069A94-E3ED-4A7B-A7C1-BEC20C71297C}.Release|x86.Build.0 = Release|Any CPU
	EndGlobalSection
	GlobalSection(SolutionProperties) = preSolution
		HideSolutionNode = FALSE
	EndGlobalSection
	GlobalSection(ExtensibilityGlobals) = postSolution
		SolutionGuid = {516E6A84-0348-47E4-A283-DC91F1BEDFDD}
	EndGlobalSection
EndGlobal
